# THIS IS AN AUTOGENERATED FILE. DO NOT EDIT THIS FILE DIRECTLY.
# yarn lockfile v1


"@swrlab/swr-prettier-config@^0.0.2":
  version "0.0.2"
  resolved "https://registry.yarnpkg.com/@swrlab/swr-prettier-config/-/swr-prettier-config-0.0.2.tgz#e961e11520a1ca8eaf8f409721c675cbf3f7e1ed"
  integrity sha512-NPiEQvDNLAREIHrGkJU6CJoCqLoVjMgM6mL2wDcd1RHq+CaZ/xHtsMfUF/4Ay11BxPSkd4JWjc+pTgypz6U7WQ==

xpath@0.0.27:
  version "0.0.27"
  resolved "https://registry.yarnpkg.com/xpath/-/xpath-0.0.27.tgz#dd3421fbdcc5646ac32c48531b4d7e9d0c2cfa92"
  integrity sha512-fg03WRxtkCV6ohClePNAECYsmpKKTv5L8y/X3Dn1hQrec3POx2jHZ/0P2qQ6HvsrU1BmeqXcof3NGGueG6LxwQ==
